
Microsoft Visual Studio Solution File, Format Version 12.00
# Visual Studio Version 17
VisualStudioVersion = 17.8.34322.80
MinimumVisualStudioVersion = 10.0.40219.1
Project("{FAE04EC0-301F-11D3-BF4B-00C04F79EFBC}") = "SeleniumTutorial", "SeleniumTutorial.csproj", "{49DF3644-3F9F-46DF-8E7B-174234F9CA41}"
EndProject
Global
	GlobalSection(SolutionConfigurationPlatforms) = preSolution
		Debug|Any CPU = Debug|Any CPU
		Release|Any CPU = Release|Any CPU
	EndGlobalSection
	GlobalSection(ProjectConfigurationPlatforms) = postSolution
		{49DF3644-3F9F-46DF-8E7B-174234F9CA41}.Debug|Any CPU.ActiveCfg = Debug|Any CPU
		{49DF3644-3F9F-46DF-8E7B-174234F9CA41}.Debug|Any CPU.Build.0 = Debug|Any CPU
		{49DF3644-3F9F-46DF-8E7B-174234F9CA41}.Release|Any CPU.ActiveCfg = Release|Any CPU
		{49DF3644-3F9F-46DF-8E7B-174234F9CA41}.Release|Any CPU.Build.0 = Release|Any CPU
	EndGlobalSection
	GlobalSection(SolutionProperties) = preSolution
		HideSolutionNode = FALSE
	EndGlobalSection
	GlobalSection(ExtensibilityGlobals) = postSolution
		SolutionGuid = {1C31EB1C-F065-4C00-A575-8E2B884F1D9B}
	EndGlobalSection
EndGlobal
